
Microsoft Visual Studio Solution File, Format Version 12.00
# Visual Studio Version 17
VisualStudioVersion = 17.0.32014.148
MinimumVisualStudioVersion = 10.0.40219.1
Project("{2150E333-8FDC-42A3-9474-1A3956D46DE8}") = "src", "src", "{1950FCDB-AEB2-4448-BE2B-92837D26C16B}"
EndProject
Project("{9A19103F-16F7-4668-BE54-9A1E7A4F7556}") = "Mneme.Desktop", "Mneme.Desktop\Mneme.Desktop.csproj", "{4E92311C-402C-4158-9019-B85C11BD133B}"
EndProject
Project("{9A19103F-16F7-4668-BE54-9A1E7A4F7556}") = "Mneme.Model", "Mneme.Model\Mneme.Model.csproj", "{10ED6D59-BEE1-4283-BAFA-AEC8329B4C31}"
EndProject
Project("{9A19103F-16F7-4668-BE54-9A1E7A4F7556}") = "Mneme.DataAccess", "Mneme.DataAccess\Mneme.DataAccess.csproj", "{CBD2A1C7-5B10-4378-A3B7-16DE72E72AD7}"
EndProject
Project("{9A19103F-16F7-4668-BE54-9A1E7A4F7556}") = "Mneme.Core", "Mneme.Core\Mneme.Core.csproj", "{B34CDFBA-8E62-498C-AFBB-D878A7BB3BC6}"
EndProject
Project("{2150E333-8FDC-42A3-9474-1A3956D46DE8}") = "Solution Items", "Solution Items", "{B6BC9BB8-96BC-4C59-8EBB-F928E1C9112F}"
	ProjectSection(SolutionItems) = preProject
		.editorconfig = .editorconfig
	EndProjectSection
EndProject
Project("{2150E333-8FDC-42A3-9474-1A3956D46DE8}") = "Integrations", "Integrations", "{AEA51CCF-4A41-489B-B69F-661EB884F5A7}"
EndProject
Project("{9A19103F-16F7-4668-BE54-9A1E7A4F7556}") = "Mneme.Integrations.Mneme", "Mneme.Integrations.Mneme\Mneme.Integrations.Mneme.csproj", "{7EA514CF-4F86-4CB5-A4DA-C6441F4014CA}"
EndProject
Project("{9A19103F-16F7-4668-BE54-9A1E7A4F7556}") = "Mneme.Testing", "Mneme.Testing\Mneme.Testing.csproj", "{1D1E3469-9A19-4BEF-945E-ACFEA79D9AA5}"
EndProject
Project("{9A19103F-16F7-4668-BE54-9A1E7A4F7556}") = "Mneme.Integrations.Contracts", "Mneme.Integrations.Contracts\Mneme.Integrations.Contracts.csproj", "{42145414-8479-4095-A91C-24AFD05289C6}"
EndProject
Project("{9A19103F-16F7-4668-BE54-9A1E7A4F7556}") = "Mneme.PrismModule.Dashboard", "Mneme.PrismModule.Dashboard\Mneme.PrismModule.Dashboard.csproj", "{5AD746DF-7C2C-4878-BB58-290D7DD56DDE}"
EndProject
Project("{9A19103F-16F7-4668-BE54-9A1E7A4F7556}") = "Mneme.Dashboard", "Mneme.Dashboard\Mneme.Dashboard.csproj", "{05D08F2A-926E-40B2-A1D1-6F0D62347972}"
EndProject
Project("{2150E333-8FDC-42A3-9474-1A3956D46DE8}") = "Dashboard", "Dashboard", "{38A3CB4A-64B7-4142-B0CA-87C0737EF6F4}"
EndProject
Project("{2150E333-8FDC-42A3-9474-1A3956D46DE8}") = "Sources", "Sources", "{D4F85928-B004-4399-8A46-0302EAAFD13A}"
EndProject
Project("{9A19103F-16F7-4668-BE54-9A1E7A4F7556}") = "Mneme.PrismModule.Sources", "Mneme.PrismModule.Sources\Mneme.PrismModule.Sources.csproj", "{4437A90D-796B-471A-8AA5-CE91378F9D3A}"
EndProject
Project("{9A19103F-16F7-4668-BE54-9A1E7A4F7556}") = "Mneme.Sources", "Mneme.Sources\Mneme.Sources.csproj", "{7EBAC2B9-883D-4E6E-A1FD-AF04D0C0A4CE}"
EndProject
Project("{9A19103F-16F7-4668-BE54-9A1E7A4F7556}") = "Mneme.PrismModule.Notes", "Mneme.PrismModule.Notes\Mneme.PrismModule.Notes.csproj", "{4F7E3D2F-BA1E-430C-9FB2-04651E1DE4CD}"
EndProject
Project("{2150E333-8FDC-42A3-9474-1A3956D46DE8}") = "Notes", "Notes", "{E5627A4A-CCC3-4124-8B11-895070C5A3B0}"
EndProject
Project("{9A19103F-16F7-4668-BE54-9A1E7A4F7556}") = "Mneme.Notes", "Mneme.Notes\Mneme.Notes.csproj", "{6065B6C0-E86D-47D9-879B-CFF70E52C739}"
EndProject
Project("{9A19103F-16F7-4668-BE54-9A1E7A4F7556}") = "Mneme.Views.Base", "Mneme.Views.Base\Mneme.Views.Base.csproj", "{18B62B5F-1D48-4D88-9CD2-D25A8E2F07C1}"
EndProject
Project("{2150E333-8FDC-42A3-9474-1A3956D46DE8}") = "Mneme", "Mneme", "{264A9324-F75B-4D68-9879-83D4536217E5}"
EndProject
Project("{9A19103F-16F7-4668-BE54-9A1E7A4F7556}") = "Mneme.PrismModule.Integrations.Mneme", "Mneme.PrismModule.Integrations.Mneme\Mneme.PrismModule.Integrations.Mneme.csproj", "{00103067-BEA0-4973-AF14-CE6D40358F90}"
EndProject
Project("{2150E333-8FDC-42A3-9474-1A3956D46DE8}") = "Testing", "Testing", "{20BA2992-8A08-46DA-9565-1B6AE0B83D99}"
EndProject
Project("{9A19103F-16F7-4668-BE54-9A1E7A4F7556}") = "Mneme.PrismModule.Testing", "Mneme.PrismModule.Testing\Mneme.PrismModule.Testing.csproj", "{B486CE90-EEA0-4C60-B79B-E73F93FF8FAE}"
EndProject
Project("{9A19103F-16F7-4668-BE54-9A1E7A4F7556}") = "Mneme.PrismModule.Configuration.Integration", "Mneme.PrismModule.Configuration.Integration\Mneme.PrismModule.Configuration.Integration.csproj", "{BFC16924-63A3-4294-BCC7-47C9EF7F742E}"
EndProject
Project("{9A19103F-16F7-4668-BE54-9A1E7A4F7556}") = "Mneme.PrismModule.Integration.Facade", "Mneme.PrismModule.Integration.Facade\Mneme.PrismModule.Integration.Facade.csproj", "{9680235C-EDC0-47DF-AF74-950E5386BCA7}"
EndProject
Project("{9A19103F-16F7-4668-BE54-9A1E7A4F7556}") = "Mneme.PrismModule.Integrations.Base", "Mneme.PrismModule.Integrations.Base\Mneme.PrismModule.Integrations.Base.csproj", "{CD02A66B-EE73-4721-BB5E-9E4C426655A5}"
EndProject
Project("{9A19103F-16F7-4668-BE54-9A1E7A4F7556}") = "DbSeeder", "DbSeeder\DbSeeder.csproj", "{850703DF-763D-4E96-9A47-AD7EAA883847}"
EndProject
Project("{9A19103F-16F7-4668-BE54-9A1E7A4F7556}") = "Mneme.Tests.Base", "Mneme.Tests.Base\Mneme.Tests.Base.csproj", "{115FFD1A-89D4-4195-B2FB-CE2340557EA5}"
EndProject
Project("{9A19103F-16F7-4668-BE54-9A1E7A4F7556}") = "Mneme.Dashboard.Tests", "Mneme.Dashboard.Tests\Mneme.Dashboard.Tests.csproj", "{8DCF4A02-E17E-41AB-ACE5-6B84CA58DD52}"
EndProject
Project("{9A19103F-16F7-4668-BE54-9A1E7A4F7556}") = "Mneme.PrismModule.Dashboard.Tests", "Mneme.PrismModule.Dashboard.Tests\Mneme.PrismModule.Dashboard.Tests.csproj", "{18F9906A-9470-4885-8E9B-0DD6ED7E8F86}"
EndProject
Project("{9A19103F-16F7-4668-BE54-9A1E7A4F7556}") = "Mneme.Notes.Tests", "Mneme.Notes.Tests\Mneme.Notes.Tests.csproj", "{802CFB23-0C8A-4050-8A23-E9A18EBA7DB4}"
EndProject
Project("{9A19103F-16F7-4668-BE54-9A1E7A4F7556}") = "Mneme.PrismModule.Notes.Tests", "Mneme.PrismModule.Notes.Tests\Mneme.PrismModule.Notes.Tests.csproj", "{ED99418B-5450-4D4D-9570-9AA8206E14A6}"
EndProject
Project("{9A19103F-16F7-4668-BE54-9A1E7A4F7556}") = "Mneme.PrismModule.Sources.Tests", "Mneme.PrismModule.Sources.Tests\Mneme.PrismModule.Sources.Tests.csproj", "{59E5FBDF-35E7-4B9B-9FBD-EB5A4964A2AD}"
EndProject
Project("{2150E333-8FDC-42A3-9474-1A3956D46DE8}") = "Core", "Core", "{9E775324-5B2F-43A4-87F6-D54380B7E691}"
EndProject
Project("{2150E333-8FDC-42A3-9474-1A3956D46DE8}") = "Configuration", "Configuration", "{749B1BAC-DA2C-4774-B012-875D623D4517}"
EndProject
Project("{2150E333-8FDC-42A3-9474-1A3956D46DE8}") = "Utilities", "Utilities", "{DF7F72A8-1323-448D-A5F3-B15C3FC51B19}"
EndProject
Project("{FAE04EC0-301F-11D3-BF4B-00C04F79EFBC}") = "Mneme.Testing.Tests", "Mneme.Testing.Tests\Mneme.Testing.Tests.csproj", "{BBDB36DA-AFA8-49F9-ADB9-809ADC6A901A}"
EndProject
Global
	GlobalSection(SolutionConfigurationPlatforms) = preSolution
		Debug|Any CPU = Debug|Any CPU
		Release|Any CPU = Release|Any CPU
	EndGlobalSection
	GlobalSection(ProjectConfigurationPlatforms) = postSolution
		{4E92311C-402C-4158-9019-B85C11BD133B}.Debug|Any CPU.ActiveCfg = Debug|Any CPU
		{4E92311C-402C-4158-9019-B85C11BD133B}.Debug|Any CPU.Build.0 = Debug|Any CPU
		{4E92311C-402C-4158-9019-B85C11BD133B}.Release|Any CPU.ActiveCfg = Release|Any CPU
		{4E92311C-402C-4158-9019-B85C11BD133B}.Release|Any CPU.Build.0 = Release|Any CPU
		{10ED6D59-BEE1-4283-BAFA-AEC8329B4C31}.Debug|Any CPU.ActiveCfg = Debug|Any CPU
		{10ED6D59-BEE1-4283-BAFA-AEC8329B4C31}.Debug|Any CPU.Build.0 = Debug|Any CPU
		{10ED6D59-BEE1-4283-BAFA-AEC8329B4C31}.Release|Any CPU.ActiveCfg = Release|Any CPU
		{10ED6D59-BEE1-4283-BAFA-AEC8329B4C31}.Release|Any CPU.Build.0 = Release|Any CPU
		{CBD2A1C7-5B10-4378-A3B7-16DE72E72AD7}.Debug|Any CPU.ActiveCfg = Debug|Any CPU
		{CBD2A1C7-5B10-4378-A3B7-16DE72E72AD7}.Debug|Any CPU.Build.0 = Debug|Any CPU
		{CBD2A1C7-5B10-4378-A3B7-16DE72E72AD7}.Release|Any CPU.ActiveCfg = Release|Any CPU
		{CBD2A1C7-5B10-4378-A3B7-16DE72E72AD7}.Release|Any CPU.Build.0 = Release|Any CPU
		{B34CDFBA-8E62-498C-AFBB-D878A7BB3BC6}.Debug|Any CPU.ActiveCfg = Debug|Any CPU
		{B34CDFBA-8E62-498C-AFBB-D878A7BB3BC6}.Debug|Any CPU.Build.0 = Debug|Any CPU
		{B34CDFBA-8E62-498C-AFBB-D878A7BB3BC6}.Release|Any CPU.ActiveCfg = Release|Any CPU
		{B34CDFBA-8E62-498C-AFBB-D878A7BB3BC6}.Release|Any CPU.Build.0 = Release|Any CPU
		{7EA514CF-4F86-4CB5-A4DA-C6441F4014CA}.Debug|Any CPU.ActiveCfg = Debug|Any CPU
		{7EA514CF-4F86-4CB5-A4DA-C6441F4014CA}.Debug|Any CPU.Build.0 = Debug|Any CPU
		{7EA514CF-4F86-4CB5-A4DA-C6441F4014CA}.Release|Any CPU.ActiveCfg = Release|Any CPU
		{7EA514CF-4F86-4CB5-A4DA-C6441F4014CA}.Release|Any CPU.Build.0 = Release|Any CPU
		{1D1E3469-9A19-4BEF-945E-ACFEA79D9AA5}.Debug|Any CPU.ActiveCfg = Debug|Any CPU
		{1D1E3469-9A19-4BEF-945E-ACFEA79D9AA5}.Debug|Any CPU.Build.0 = Debug|Any CPU
		{1D1E3469-9A19-4BEF-945E-ACFEA79D9AA5}.Release|Any CPU.ActiveCfg = Release|Any CPU
		{1D1E3469-9A19-4BEF-945E-ACFEA79D9AA5}.Release|Any CPU.Build.0 = Release|Any CPU
		{42145414-8479-4095-A91C-24AFD05289C6}.Debug|Any CPU.ActiveCfg = Debug|Any CPU
		{42145414-8479-4095-A91C-24AFD05289C6}.Debug|Any CPU.Build.0 = Debug|Any CPU
		{42145414-8479-4095-A91C-24AFD05289C6}.Release|Any CPU.ActiveCfg = Release|Any CPU
		{42145414-8479-4095-A91C-24AFD05289C6}.Release|Any CPU.Build.0 = Release|Any CPU
		{5AD746DF-7C2C-4878-BB58-290D7DD56DDE}.Debug|Any CPU.ActiveCfg = Debug|Any CPU
		{5AD746DF-7C2C-4878-BB58-290D7DD56DDE}.Debug|Any CPU.Build.0 = Debug|Any CPU
		{5AD746DF-7C2C-4878-BB58-290D7DD56DDE}.Release|Any CPU.ActiveCfg = Release|Any CPU
		{5AD746DF-7C2C-4878-BB58-290D7DD56DDE}.Release|Any CPU.Build.0 = Release|Any CPU
		{05D08F2A-926E-40B2-A1D1-6F0D62347972}.Debug|Any CPU.ActiveCfg = Debug|Any CPU
		{05D08F2A-926E-40B2-A1D1-6F0D62347972}.Debug|Any CPU.Build.0 = Debug|Any CPU
		{05D08F2A-926E-40B2-A1D1-6F0D62347972}.Release|Any CPU.ActiveCfg = Release|Any CPU
		{05D08F2A-926E-40B2-A1D1-6F0D62347972}.Release|Any CPU.Build.0 = Release|Any CPU
		{4437A90D-796B-471A-8AA5-CE91378F9D3A}.Debug|Any CPU.ActiveCfg = Debug|Any CPU
		{4437A90D-796B-471A-8AA5-CE91378F9D3A}.Debug|Any CPU.Build.0 = Debug|Any CPU
		{4437A90D-796B-471A-8AA5-CE91378F9D3A}.Release|Any CPU.ActiveCfg = Release|Any CPU
		{4437A90D-796B-471A-8AA5-CE91378F9D3A}.Release|Any CPU.Build.0 = Release|Any CPU
		{7EBAC2B9-883D-4E6E-A1FD-AF04D0C0A4CE}.Debug|Any CPU.ActiveCfg = Debug|Any CPU
		{7EBAC2B9-883D-4E6E-A1FD-AF04D0C0A4CE}.Debug|Any CPU.Build.0 = Debug|Any CPU
		{7EBAC2B9-883D-4E6E-A1FD-AF04D0C0A4CE}.Release|Any CPU.ActiveCfg = Release|Any CPU
		{7EBAC2B9-883D-4E6E-A1FD-AF04D0C0A4CE}.Release|Any CPU.Build.0 = Release|Any CPU
		{4F7E3D2F-BA1E-430C-9FB2-04651E1DE4CD}.Debug|Any CPU.ActiveCfg = Debug|Any CPU
		{4F7E3D2F-BA1E-430C-9FB2-04651E1DE4CD}.Debug|Any CPU.Build.0 = Debug|Any CPU
		{4F7E3D2F-BA1E-430C-9FB2-04651E1DE4CD}.Release|Any CPU.ActiveCfg = Release|Any CPU
		{4F7E3D2F-BA1E-430C-9FB2-04651E1DE4CD}.Release|Any CPU.Build.0 = Release|Any CPU
		{6065B6C0-E86D-47D9-879B-CFF70E52C739}.Debug|Any CPU.ActiveCfg = Debug|Any CPU
		{6065B6C0-E86D-47D9-879B-CFF70E52C739}.Debug|Any CPU.Build.0 = Debug|Any CPU
		{6065B6C0-E86D-47D9-879B-CFF70E52C739}.Release|Any CPU.ActiveCfg = Release|Any CPU
		{6065B6C0-E86D-47D9-879B-CFF70E52C739}.Release|Any CPU.Build.0 = Release|Any CPU
		{18B62B5F-1D48-4D88-9CD2-D25A8E2F07C1}.Debug|Any CPU.ActiveCfg = Debug|Any CPU
		{18B62B5F-1D48-4D88-9CD2-D25A8E2F07C1}.Debug|Any CPU.Build.0 = Debug|Any CPU
		{18B62B5F-1D48-4D88-9CD2-D25A8E2F07C1}.Release|Any CPU.ActiveCfg = Release|Any CPU
		{18B62B5F-1D48-4D88-9CD2-D25A8E2F07C1}.Release|Any CPU.Build.0 = Release|Any CPU
		{00103067-BEA0-4973-AF14-CE6D40358F90}.Debug|Any CPU.ActiveCfg = Debug|Any CPU
		{00103067-BEA0-4973-AF14-CE6D40358F90}.Debug|Any CPU.Build.0 = Debug|Any CPU
		{00103067-BEA0-4973-AF14-CE6D40358F90}.Release|Any CPU.ActiveCfg = Release|Any CPU
		{00103067-BEA0-4973-AF14-CE6D40358F90}.Release|Any CPU.Build.0 = Release|Any CPU
		{B486CE90-EEA0-4C60-B79B-E73F93FF8FAE}.Debug|Any CPU.ActiveCfg = Debug|Any CPU
		{B486CE90-EEA0-4C60-B79B-E73F93FF8FAE}.Debug|Any CPU.Build.0 = Debug|Any CPU
		{B486CE90-EEA0-4C60-B79B-E73F93FF8FAE}.Release|Any CPU.ActiveCfg = Release|Any CPU
		{B486CE90-EEA0-4C60-B79B-E73F93FF8FAE}.Release|Any CPU.Build.0 = Release|Any CPU
		{BFC16924-63A3-4294-BCC7-47C9EF7F742E}.Debug|Any CPU.ActiveCfg = Debug|Any CPU
		{BFC16924-63A3-4294-BCC7-47C9EF7F742E}.Debug|Any CPU.Build.0 = Debug|Any CPU
		{BFC16924-63A3-4294-BCC7-47C9EF7F742E}.Release|Any CPU.ActiveCfg = Release|Any CPU
		{BFC16924-63A3-4294-BCC7-47C9EF7F742E}.Release|Any CPU.Build.0 = Release|Any CPU
		{9680235C-EDC0-47DF-AF74-950E5386BCA7}.Debug|Any CPU.ActiveCfg = Debug|Any CPU
		{9680235C-EDC0-47DF-AF74-950E5386BCA7}.Debug|Any CPU.Build.0 = Debug|Any CPU
		{9680235C-EDC0-47DF-AF74-950E5386BCA7}.Release|Any CPU.ActiveCfg = Release|Any CPU
		{9680235C-EDC0-47DF-AF74-950E5386BCA7}.Release|Any CPU.Build.0 = Release|Any CPU
		{CD02A66B-EE73-4721-BB5E-9E4C426655A5}.Debug|Any CPU.ActiveCfg = Debug|Any CPU
		{CD02A66B-EE73-4721-BB5E-9E4C426655A5}.Debug|Any CPU.Build.0 = Debug|Any CPU
		{CD02A66B-EE73-4721-BB5E-9E4C426655A5}.Release|Any CPU.ActiveCfg = Release|Any CPU
		{CD02A66B-EE73-4721-BB5E-9E4C426655A5}.Release|Any CPU.Build.0 = Release|Any CPU
		{850703DF-763D-4E96-9A47-AD7EAA883847}.Debug|Any CPU.ActiveCfg = Debug|Any CPU
		{850703DF-763D-4E96-9A47-AD7EAA883847}.Debug|Any CPU.Build.0 = Debug|Any CPU
		{850703DF-763D-4E96-9A47-AD7EAA883847}.Release|Any CPU.ActiveCfg = Release|Any CPU
		{850703DF-763D-4E96-9A47-AD7EAA883847}.Release|Any CPU.Build.0 = Release|Any CPU
		{115FFD1A-89D4-4195-B2FB-CE2340557EA5}.Debug|Any CPU.ActiveCfg = Debug|Any CPU
		{115FFD1A-89D4-4195-B2FB-CE2340557EA5}.Debug|Any CPU.Build.0 = Debug|Any CPU
		{115FFD1A-89D4-4195-B2FB-CE2340557EA5}.Release|Any CPU.ActiveCfg = Release|Any CPU
		{115FFD1A-89D4-4195-B2FB-CE2340557EA5}.Release|Any CPU.Build.0 = Release|Any CPU
		{8DCF4A02-E17E-41AB-ACE5-6B84CA58DD52}.Debug|Any CPU.ActiveCfg = Debug|Any CPU
		{8DCF4A02-E17E-41AB-ACE5-6B84CA58DD52}.Debug|Any CPU.Build.0 = Debug|Any CPU
		{8DCF4A02-E17E-41AB-ACE5-6B84CA58DD52}.Release|Any CPU.ActiveCfg = Release|Any CPU
		{8DCF4A02-E17E-41AB-ACE5-6B84CA58DD52}.Release|Any CPU.Build.0 = Release|Any CPU
		{18F9906A-9470-4885-8E9B-0DD6ED7E8F86}.Debug|Any CPU.ActiveCfg = Debug|Any CPU
		{18F9906A-9470-4885-8E9B-0DD6ED7E8F86}.Debug|Any CPU.Build.0 = Debug|Any CPU
		{18F9906A-9470-4885-8E9B-0DD6ED7E8F86}.Release|Any CPU.ActiveCfg = Release|Any CPU
		{18F9906A-9470-4885-8E9B-0DD6ED7E8F86}.Release|Any CPU.Build.0 = Release|Any CPU
		{802CFB23-0C8A-4050-8A23-E9A18EBA7DB4}.Debug|Any CPU.ActiveCfg = Debug|Any CPU
		{802CFB23-0C8A-4050-8A23-E9A18EBA7DB4}.Debug|Any CPU.Build.0 = Debug|Any CPU
		{802CFB23-0C8A-4050-8A23-E9A18EBA7DB4}.Release|Any CPU.ActiveCfg = Release|Any CPU
		{802CFB23-0C8A-4050-8A23-E9A18EBA7DB4}.Release|Any CPU.Build.0 = Release|Any CPU
		{ED99418B-5450-4D4D-9570-9AA8206E14A6}.Debug|Any CPU.ActiveCfg = Debug|Any CPU
		{ED99418B-5450-4D4D-9570-9AA8206E14A6}.Debug|Any CPU.Build.0 = Debug|Any CPU
		{ED99418B-5450-4D4D-9570-9AA8206E14A6}.Release|Any CPU.ActiveCfg = Release|Any CPU
		{ED99418B-5450-4D4D-9570-9AA8206E14A6}.Release|Any CPU.Build.0 = Release|Any CPU
		{59E5FBDF-35E7-4B9B-9FBD-EB5A4964A2AD}.Debug|Any CPU.ActiveCfg = Debug|Any CPU
		{59E5FBDF-35E7-4B9B-9FBD-EB5A4964A2AD}.Debug|Any CPU.Build.0 = Debug|Any CPU
		{59E5FBDF-35E7-4B9B-9FBD-EB5A4964A2AD}.Release|Any CPU.ActiveCfg = Release|Any CPU
		{59E5FBDF-35E7-4B9B-9FBD-EB5A4964A2AD}.Release|Any CPU.Build.0 = Release|Any CPU
		{BBDB36DA-AFA8-49F9-ADB9-809ADC6A901A}.Debug|Any CPU.ActiveCfg = Debug|Any CPU
		{BBDB36DA-AFA8-49F9-ADB9-809ADC6A901A}.Debug|Any CPU.Build.0 = Debug|Any CPU
		{BBDB36DA-AFA8-49F9-ADB9-809ADC6A901A}.Release|Any CPU.ActiveCfg = Release|Any CPU
		{BBDB36DA-AFA8-49F9-ADB9-809ADC6A901A}.Release|Any CPU.Build.0 = Release|Any CPU
	EndGlobalSection
	GlobalSection(SolutionProperties) = preSolution
		HideSolutionNode = FALSE
	EndGlobalSection
	GlobalSection(NestedProjects) = preSolution
		{4E92311C-402C-4158-9019-B85C11BD133B} = {1950FCDB-AEB2-4448-BE2B-92837D26C16B}
		{10ED6D59-BEE1-4283-BAFA-AEC8329B4C31} = {9E775324-5B2F-43A4-87F6-D54380B7E691}
		{CBD2A1C7-5B10-4378-A3B7-16DE72E72AD7} = {9E775324-5B2F-43A4-87F6-D54380B7E691}
		{B34CDFBA-8E62-498C-AFBB-D878A7BB3BC6} = {9E775324-5B2F-43A4-87F6-D54380B7E691}
		{AEA51CCF-4A41-489B-B69F-661EB884F5A7} = {1950FCDB-AEB2-4448-BE2B-92837D26C16B}
		{7EA514CF-4F86-4CB5-A4DA-C6441F4014CA} = {264A9324-F75B-4D68-9879-83D4536217E5}
		{1D1E3469-9A19-4BEF-945E-ACFEA79D9AA5} = {20BA2992-8A08-46DA-9565-1B6AE0B83D99}
		{42145414-8479-4095-A91C-24AFD05289C6} = {AEA51CCF-4A41-489B-B69F-661EB884F5A7}
		{5AD746DF-7C2C-4878-BB58-290D7DD56DDE} = {38A3CB4A-64B7-4142-B0CA-87C0737EF6F4}
		{05D08F2A-926E-40B2-A1D1-6F0D62347972} = {38A3CB4A-64B7-4142-B0CA-87C0737EF6F4}
		{38A3CB4A-64B7-4142-B0CA-87C0737EF6F4} = {1950FCDB-AEB2-4448-BE2B-92837D26C16B}
		{D4F85928-B004-4399-8A46-0302EAAFD13A} = {1950FCDB-AEB2-4448-BE2B-92837D26C16B}
		{4437A90D-796B-471A-8AA5-CE91378F9D3A} = {D4F85928-B004-4399-8A46-0302EAAFD13A}
		{7EBAC2B9-883D-4E6E-A1FD-AF04D0C0A4CE} = {D4F85928-B004-4399-8A46-0302EAAFD13A}
		{4F7E3D2F-BA1E-430C-9FB2-04651E1DE4CD} = {E5627A4A-CCC3-4124-8B11-895070C5A3B0}
		{E5627A4A-CCC3-4124-8B11-895070C5A3B0} = {1950FCDB-AEB2-4448-BE2B-92837D26C16B}
		{6065B6C0-E86D-47D9-879B-CFF70E52C739} = {E5627A4A-CCC3-4124-8B11-895070C5A3B0}
		{18B62B5F-1D48-4D88-9CD2-D25A8E2F07C1} = {DF7F72A8-1323-448D-A5F3-B15C3FC51B19}
		{264A9324-F75B-4D68-9879-83D4536217E5} = {AEA51CCF-4A41-489B-B69F-661EB884F5A7}
		{00103067-BEA0-4973-AF14-CE6D40358F90} = {264A9324-F75B-4D68-9879-83D4536217E5}
		{20BA2992-8A08-46DA-9565-1B6AE0B83D99} = {1950FCDB-AEB2-4448-BE2B-92837D26C16B}
		{B486CE90-EEA0-4C60-B79B-E73F93FF8FAE} = {20BA2992-8A08-46DA-9565-1B6AE0B83D99}
		{BFC16924-63A3-4294-BCC7-47C9EF7F742E} = {749B1BAC-DA2C-4774-B012-875D623D4517}
		{9680235C-EDC0-47DF-AF74-950E5386BCA7} = {AEA51CCF-4A41-489B-B69F-661EB884F5A7}
		{CD02A66B-EE73-4721-BB5E-9E4C426655A5} = {AEA51CCF-4A41-489B-B69F-661EB884F5A7}
		{115FFD1A-89D4-4195-B2FB-CE2340557EA5} = {DF7F72A8-1323-448D-A5F3-B15C3FC51B19}
		{8DCF4A02-E17E-41AB-ACE5-6B84CA58DD52} = {38A3CB4A-64B7-4142-B0CA-87C0737EF6F4}
		{18F9906A-9470-4885-8E9B-0DD6ED7E8F86} = {38A3CB4A-64B7-4142-B0CA-87C0737EF6F4}
		{802CFB23-0C8A-4050-8A23-E9A18EBA7DB4} = {E5627A4A-CCC3-4124-8B11-895070C5A3B0}
		{ED99418B-5450-4D4D-9570-9AA8206E14A6} = {E5627A4A-CCC3-4124-8B11-895070C5A3B0}
		{59E5FBDF-35E7-4B9B-9FBD-EB5A4964A2AD} = {D4F85928-B004-4399-8A46-0302EAAFD13A}
		{9E775324-5B2F-43A4-87F6-D54380B7E691} = {1950FCDB-AEB2-4448-BE2B-92837D26C16B}
		{749B1BAC-DA2C-4774-B012-875D623D4517} = {AEA51CCF-4A41-489B-B69F-661EB884F5A7}
		{DF7F72A8-1323-448D-A5F3-B15C3FC51B19} = {1950FCDB-AEB2-4448-BE2B-92837D26C16B}
		{BBDB36DA-AFA8-49F9-ADB9-809ADC6A901A} = {20BA2992-8A08-46DA-9565-1B6AE0B83D99}
	EndGlobalSection
	GlobalSection(ExtensibilityGlobals) = postSolution
		SolutionGuid = {1D9D3402-54B7-474F-A18E-D8F86A41C1FA}
	EndGlobalSection
EndGlobal
